# This file is automatically @generated by Cargo.
# It is not intended for manual editing.
[[package]]
name = "cfg-if"
version = "0.1.10"
source = "registry+https://github.com/rust-lang/crates.io-index"
checksum = "4785bdd1c96b2a846b2bd7cc02e86b6b3dbf14e7e53446c4f54c92a361040822"

[[package]]
name = "coresimd"
version = "0.1.2"
source = "registry+https://github.com/rust-lang/crates.io-index"
checksum = "d98353d7172aa5cd59233ac75943e16183e52ca4eb0f69a6e2dc9aeb8c942f77"

[[package]]
name = "libc"
version = "0.2.68"
source = "registry+https://github.com/rust-lang/crates.io-index"
checksum = "dea0c0405123bba743ee3f91f49b1c7cfb684eef0da0a50110f758ccf24cdff0"

[[package]]
name = "stdsimd"
version = "0.1.2"
source = "registry+https://github.com/rust-lang/crates.io-index"
checksum = "f120e15f7ea7d1899d4233eec523ab60a065497d9df80f465d4fed0a1c95b11a"
dependencies = [
 "cfg-if",
 "coresimd",
 "libc",
]

[[package]]
name = "test11-79"
version = "0.1.0"
dependencies = [
 "stdsimd",
]
