
Microsoft Visual Studio Solution File, Format Version 9.00
# Visual Studio 2005
Project("{8BC9CEB8-8B4A-11D0-8D11-00A0C91BC942}") = "4.13", "4.13.vcproj", "{BBF069FB-8D40-429E-9D4D-1757D53DEF8C}"
EndProject
Global
	GlobalSection(SolutionConfigurationPlatforms) = preSolution
		Debug|Win32 = Debug|Win32
		Release|Win32 = Release|Win32
	EndGlobalSection
	GlobalSection(ProjectConfigurationPlatforms) = postSolution
		{BBF069FB-8D40-429E-9D4D-1757D53DEF8C}.Debug|Win32.ActiveCfg = Debug|Win32
		{BBF069FB-8D40-429E-9D4D-1757D53DEF8C}.Debug|Win32.Build.0 = Debug|Win32
		{BBF069FB-8D40-429E-9D4D-1757D53DEF8C}.Release|Win32.ActiveCfg = Release|Win32
		{BBF069FB-8D40-429E-9D4D-1757D53DEF8C}.Release|Win32.Build.0 = Release|Win32
	EndGlobalSection
	GlobalSection(SolutionProperties) = preSolution
		HideSolutionNode = FALSE
	EndGlobalSection
EndGlobal
