
Microsoft Visual Studio Solution File, Format Version 9.00
# Visual Studio 2005
Project("{8BC9CEB8-8B4A-11D0-8D11-00A0C91BC942}") = "4.9", "4.9.vcproj", "{B2886AC3-B3A9-44CB-99CD-7142089584ED}"
EndProject
Global
	GlobalSection(SolutionConfigurationPlatforms) = preSolution
		Debug|Win32 = Debug|Win32
		Release|Win32 = Release|Win32
	EndGlobalSection
	GlobalSection(ProjectConfigurationPlatforms) = postSolution
		{B2886AC3-B3A9-44CB-99CD-7142089584ED}.Debug|Win32.ActiveCfg = Debug|Win32
		{B2886AC3-B3A9-44CB-99CD-7142089584ED}.Debug|Win32.Build.0 = Debug|Win32
		{B2886AC3-B3A9-44CB-99CD-7142089584ED}.Release|Win32.ActiveCfg = Release|Win32
		{B2886AC3-B3A9-44CB-99CD-7142089584ED}.Release|Win32.Build.0 = Release|Win32
	EndGlobalSection
	GlobalSection(SolutionProperties) = preSolution
		HideSolutionNode = FALSE
	EndGlobalSection
EndGlobal
