
Microsoft Visual Studio Solution File, Format Version 9.00
# Visual Studio 2005
Project("{8BC9CEB8-8B4A-11D0-8D11-00A0C91BC942}") = "10.13", "10.13.vcproj", "{38F3A430-795F-4067-8777-19260A0F5D0C}"
EndProject
Global
	GlobalSection(SolutionConfigurationPlatforms) = preSolution
		Debug|Win32 = Debug|Win32
		Release|Win32 = Release|Win32
	EndGlobalSection
	GlobalSection(ProjectConfigurationPlatforms) = postSolution
		{38F3A430-795F-4067-8777-19260A0F5D0C}.Debug|Win32.ActiveCfg = Debug|Win32
		{38F3A430-795F-4067-8777-19260A0F5D0C}.Debug|Win32.Build.0 = Debug|Win32
		{38F3A430-795F-4067-8777-19260A0F5D0C}.Release|Win32.ActiveCfg = Release|Win32
		{38F3A430-795F-4067-8777-19260A0F5D0C}.Release|Win32.Build.0 = Release|Win32
	EndGlobalSection
	GlobalSection(SolutionProperties) = preSolution
		HideSolutionNode = FALSE
	EndGlobalSection
EndGlobal
